dependencies:
  espressif/cmake_utilities:
    component_hash: 351350613ceafba240b761b4ea991e0f231ac7a9f59a9ee901f751bddc0bb18f
    dependencies:
    - name: idf
      require: private
      version: '>=4.1'
    source:
      registry_url: https://components.espressif.com
      type: service
    version: 0.5.3
  espressif/usb_stream:
    component_hash: 130b26080cb06ea826a4b9371b6ced927034ba0cbbe0a13bbe408d10d5ca2972
    dependencies:
    - name: espressif/cmake_utilities
      registry_url: https://components.espressif.com
      require: private
      version: 0.5.*
    - name: idf
      require: private
      version: '>=4.4.1'
    source:
      registry_url: https://components.espressif.com/
      type: service
    targets:
    - esp32s2
    - esp32s3
    version: 1.5.1
  idf:
    source:
      type: idf
    version: 5.2.2
direct_dependencies:
- espressif/usb_stream
manifest_hash: d64b3a8bb443c9441b8bf9d9143baf66a5d3b3594e8cb1c881834689d8d60c6f
target: esp32s3
version: 2.0.0
